
Microsoft Visual Studio Solution File, Format Version 12.00
# Visual Studio 14
VisualStudioVersion = 14.0.25420.1
MinimumVisualStudioVersion = 10.0.40219.1
Project("{FAE04EC0-301F-11D3-BF4B-00C04F79EFBC}") = "Transport.Interfaces", "Transport.Interfaces\Transport.Interfaces.csproj", "{C5D62CCD-B087-4937-8A6F-3845641894F1}"
EndProject
Project("{FAE04EC0-301F-11D3-BF4B-00C04F79EFBC}") = "Transport.Core", "Transport.Core\Transport.Core.csproj", "{4D4B63C8-0DD1-4EB0-B4F5-127269B6247F}"
EndProject
Project("{2150E333-8FDC-42A3-9474-1A3956D46DE8}") = "Tests", "Tests", "{099608F9-8DE9-467C-B15B-1F37D2D4FB03}"
EndProject
Project("{FAE04EC0-301F-11D3-BF4B-00C04F79EFBC}") = "Transport.InProcess", "Transport.InProcess\Transport.InProcess.csproj", "{60D99E05-206E-4263-A1E6-F38D3EA19F09}"
EndProject
Project("{FAE04EC0-301F-11D3-BF4B-00C04F79EFBC}") = "Transport.InProcess.Tests", "Transport.InProcess.Tests\Transport.InProcess.Tests.csproj", "{025A37F7-3A79-4483-BDA4-F98F6E065098}"
EndProject
Project("{FAE04EC0-301F-11D3-BF4B-00C04F79EFBC}") = "Transport.Pipes", "Transport.Pipes\Transport.Pipes.csproj", "{37A04156-70A6-4A4C-9F80-B61A701DBE6C}"
EndProject
Project("{FAE04EC0-301F-11D3-BF4B-00C04F79EFBC}") = "Transport.Pipes.Tests", "Transport.Pipes.Tests\Transport.Pipes.Tests.csproj", "{C9E60BA5-20BE-4B20-949E-C6F5D67DCEDE}"
EndProject
Project("{FAE04EC0-301F-11D3-BF4B-00C04F79EFBC}") = "Transport.Reactive", "Transport.Reactive\Transport.Reactive.csproj", "{FEC98804-C2A1-4E4A-9D8A-8688A233ED90}"
EndProject
Global
	GlobalSection(SolutionConfigurationPlatforms) = preSolution
		Debug|Any CPU = Debug|Any CPU
		Release|Any CPU = Release|Any CPU
	EndGlobalSection
	GlobalSection(ProjectConfigurationPlatforms) = postSolution
		{C5D62CCD-B087-4937-8A6F-3845641894F1}.Debug|Any CPU.ActiveCfg = Debug|Any CPU
		{C5D62CCD-B087-4937-8A6F-3845641894F1}.Debug|Any CPU.Build.0 = Debug|Any CPU
		{C5D62CCD-B087-4937-8A6F-3845641894F1}.Release|Any CPU.ActiveCfg = Release|Any CPU
		{C5D62CCD-B087-4937-8A6F-3845641894F1}.Release|Any CPU.Build.0 = Release|Any CPU
		{4D4B63C8-0DD1-4EB0-B4F5-127269B6247F}.Debug|Any CPU.ActiveCfg = Debug|Any CPU
		{4D4B63C8-0DD1-4EB0-B4F5-127269B6247F}.Debug|Any CPU.Build.0 = Debug|Any CPU
		{4D4B63C8-0DD1-4EB0-B4F5-127269B6247F}.Release|Any CPU.ActiveCfg = Release|Any CPU
		{4D4B63C8-0DD1-4EB0-B4F5-127269B6247F}.Release|Any CPU.Build.0 = Release|Any CPU
		{60D99E05-206E-4263-A1E6-F38D3EA19F09}.Debug|Any CPU.ActiveCfg = Debug|Any CPU
		{60D99E05-206E-4263-A1E6-F38D3EA19F09}.Debug|Any CPU.Build.0 = Debug|Any CPU
		{60D99E05-206E-4263-A1E6-F38D3EA19F09}.Release|Any CPU.ActiveCfg = Release|Any CPU
		{60D99E05-206E-4263-A1E6-F38D3EA19F09}.Release|Any CPU.Build.0 = Release|Any CPU
		{025A37F7-3A79-4483-BDA4-F98F6E065098}.Debug|Any CPU.ActiveCfg = Debug|Any CPU
		{025A37F7-3A79-4483-BDA4-F98F6E065098}.Debug|Any CPU.Build.0 = Debug|Any CPU
		{025A37F7-3A79-4483-BDA4-F98F6E065098}.Release|Any CPU.ActiveCfg = Release|Any CPU
		{025A37F7-3A79-4483-BDA4-F98F6E065098}.Release|Any CPU.Build.0 = Release|Any CPU
		{37A04156-70A6-4A4C-9F80-B61A701DBE6C}.Debug|Any CPU.ActiveCfg = Debug|Any CPU
		{37A04156-70A6-4A4C-9F80-B61A701DBE6C}.Debug|Any CPU.Build.0 = Debug|Any CPU
		{37A04156-70A6-4A4C-9F80-B61A701DBE6C}.Release|Any CPU.ActiveCfg = Release|Any CPU
		{37A04156-70A6-4A4C-9F80-B61A701DBE6C}.Release|Any CPU.Build.0 = Release|Any CPU
		{C9E60BA5-20BE-4B20-949E-C6F5D67DCEDE}.Debug|Any CPU.ActiveCfg = Debug|Any CPU
		{C9E60BA5-20BE-4B20-949E-C6F5D67DCEDE}.Debug|Any CPU.Build.0 = Debug|Any CPU
		{C9E60BA5-20BE-4B20-949E-C6F5D67DCEDE}.Release|Any CPU.ActiveCfg = Release|Any CPU
		{C9E60BA5-20BE-4B20-949E-C6F5D67DCEDE}.Release|Any CPU.Build.0 = Release|Any CPU
		{FEC98804-C2A1-4E4A-9D8A-8688A233ED90}.Debug|Any CPU.ActiveCfg = Debug|Any CPU
		{FEC98804-C2A1-4E4A-9D8A-8688A233ED90}.Debug|Any CPU.Build.0 = Debug|Any CPU
		{FEC98804-C2A1-4E4A-9D8A-8688A233ED90}.Release|Any CPU.ActiveCfg = Release|Any CPU
		{FEC98804-C2A1-4E4A-9D8A-8688A233ED90}.Release|Any CPU.Build.0 = Release|Any CPU
	EndGlobalSection
	GlobalSection(SolutionProperties) = preSolution
		HideSolutionNode = FALSE
	EndGlobalSection
	GlobalSection(NestedProjects) = preSolution
		{025A37F7-3A79-4483-BDA4-F98F6E065098} = {099608F9-8DE9-467C-B15B-1F37D2D4FB03}
		{C9E60BA5-20BE-4B20-949E-C6F5D67DCEDE} = {099608F9-8DE9-467C-B15B-1F37D2D4FB03}
	EndGlobalSection
EndGlobal
